hash: 1f5c471cd87ca54d69938ecada11c855e1a9317eafdf62065494a7f6f0859d90
updated: 2016-09-02T09:10:27.4030525+08:00
imports:
- name: github.com/golang/glog
  version: 23def4e6c14b4da8ac2ed8007337bc5eb5007998

- name: github.com/satori/go.uuid
  version: 0aa62d5ddceb50dbcb909d790b5345affd3669b6
- name: gopkg.in/yaml.v2
  version: e4d366fc3c7938e2958e662b4258c7a89e1f0e3e
testImports: []
